// !$*UTF8*$!
{
	archiveVersion = 1;
	classes = {
	};
	objectVersion = 45;
	objects = {

/* Begin PBXBuildFile section */
		F35833B3124A823B0015D047 /* FKTime.m in Sources */ = {isa = PBXBuildFile; fileRef = F35833B2124A823B0015D047 /* FKTime.m */; };
		F358347B124A87620015D047 /* FKLabelUpdater.m in Sources */ = {isa = PBXBuildFile; fileRef = F358347A124A87620015D047 /* FKLabelUpdater.m */; };
		F362C09C1250D53100EFCC84 /* Settings.plist in Resources */ = {isa = PBXBuildFile; fileRef = F362C09B1250D53100EFCC84 /* Settings.plist */; };
		F366F59F126E4ECF00FECF34 /* CoreGraphics.framework in Frameworks */ = {isa = PBXBuildFile; fileRef = F366F59E126E4ECF00FECF34 /* CoreGraphics.framework */; };
		F3AE8E51124D52AF00A68924 /* Foundation.framework in Frameworks */ = {isa = PBXBuildFile; fileRef = F3AE8E50124D52AF00A68924 /* Foundation.framework */; };
		F3AE8E53124D52AF00A68924 /* UIKit.framework in Frameworks */ = {isa = PBXBuildFile; fileRef = F3AE8E52124D52AF00A68924 /* UIKit.framework */; };
/* End PBXBuildFile section */

/* Begin PBXFileReference section */
		8D5B49B6048680CD000E48DA /* Time.bundle */ = {isa = PBXFileReference; explicitFileType = wrapper.cfbundle; includeInIndex = 0; path = Time.bundle; sourceTree = BUILT_PRODUCTS_DIR; };
		8D5B49B7048680CD000E48DA /* Info.plist */ = {isa = PBXFileReference; fileEncoding = 4; lastKnownFileType = text.plist.xml; path = Info.plist; sourceTree = SOURCE_ROOT; };
		F3354DFD124A6FA800137BF8 /* Time_Prefix.pch */ = {isa = PBXFileReference; fileEncoding = 4; lastKnownFileType = sourcecode.c.h; path = Time_Prefix.pch; sourceTree = SOURCE_ROOT; };
		F35833B1124A823B0015D047 /* FKTime.h */ = {isa = PBXFileReference; fileEncoding = 4; lastKnownFileType = sourcecode.c.h; name = FKTime.h; path = Classes/FKTime.h; sourceTree = SOURCE_ROOT; };
		F35833B2124A823B0015D047 /* FKTime.m */ = {isa = PBXFileReference; fileEncoding = 4; lastKnownFileType = sourcecode.c.objc; name = FKTime.m; path = Classes/FKTime.m; sourceTree = SOURCE_ROOT; };
		F3583479124A87620015D047 /* FKLabelUpdater.h */ = {isa = PBXFileReference; fileEncoding = 4; lastKnownFileType = sourcecode.c.h; path = FKLabelUpdater.h; sourceTree = "<group>"; };
		F358347A124A87620015D047 /* FKLabelUpdater.m */ = {isa = PBXFileReference; fileEncoding = 4; lastKnownFileType = sourcecode.c.objc; path = FKLabelUpdater.m; sourceTree = "<group>"; };
		F362C09B1250D53100EFCC84 /* Settings.plist */ = {isa = PBXFileReference; fileEncoding = 4; lastKnownFileType = text.plist; path = Settings.plist; sourceTree = "<group>"; };
		F366F59E126E4ECF00FECF34 /* CoreGraphics.framework */ = {isa = PBXFileReference; lastKnownFileType = wrapper.framework; name = CoreGraphics.framework; path = Xcode4/Platforms/iPhoneOS.platform/Developer/SDKs/iPhoneOS4.1.sdk/System/Library/Frameworks/CoreGraphics.framework; sourceTree = SDKROOT; };
		F38B8F9C12E73FE90010934D /* MTStatusBarIcon.h */ = {isa = PBXFileReference; fileEncoding = 4; lastKnownFileType = sourcecode.c.h; name = MTStatusBarIcon.h; path = ../../../MultitaskingTime/MultitaskingTime/Classes/MTStatusBarIcon.h; sourceTree = SOURCE_ROOT; };
		F3AE8E50124D52AF00A68924 /* Foundation.framework */ = {isa = PBXFileReference; lastKnownFileType = wrapper.framework; name = Foundation.framework; path = System/Library/Frameworks/Foundation.framework; sourceTree = SDKROOT; };
		F3AE8E52124D52AF00A68924 /* UIKit.framework */ = {isa = PBXFileReference; lastKnownFileType = wrapper.framework; name = UIKit.framework; path = System/Library/Frameworks/UIKit.framework; sourceTree = SDKROOT; };
/* End PBXFileReference section */

/* Begin PBXFrameworksBuildPhase section */
		8D5B49B3048680CD000E48DA /* Frameworks */ = {
			isa = PBXFrameworksBuildPhase;
			buildActionMask = 2147483647;
			files = (
				F366F59F126E4ECF00FECF34 /* CoreGraphics.framework in Frameworks */,
				F3AE8E51124D52AF00A68924 /* Foundation.framework in Frameworks */,
				F3AE8E53124D52AF00A68924 /* UIKit.framework in Frameworks */,
			);
			runOnlyForDeploymentPostprocessing = 0;
		};
/* End PBXFrameworksBuildPhase section */

/* Begin PBXGroup section */
		089C166AFE841209C02AAC07 /* «PROJECTNAME» */ = {
			isa = PBXGroup;
			children = (
				08FB77AFFE84173DC02AAC07 /* Classes */,
				32C88E010371C26100C91783 /* Other Sources */,
				089C167CFE841241C02AAC07 /* Resources */,
				089C1671FE841209C02AAC07 /* Frameworks and Libraries */,
				19C28FB8FE9D52D311CA2CBB /* Products */,
			);
			name = "«PROJECTNAME»";
			sourceTree = "<group>";
		};
		089C1671FE841209C02AAC07 /* Frameworks and Libraries */ = {
			isa = PBXGroup;
			children = (
				F366F59E126E4ECF00FECF34 /* CoreGraphics.framework */,
				F3AE8E50124D52AF00A68924 /* Foundation.framework */,
				F3AE8E52124D52AF00A68924 /* UIKit.framework */,
			);
			name = "Frameworks and Libraries";
			sourceTree = "<group>";
		};
		089C167CFE841241C02AAC07 /* Resources */ = {
			isa = PBXGroup;
			children = (
				8D5B49B7048680CD000E48DA /* Info.plist */,
				F362C09B1250D53100EFCC84 /* Settings.plist */,
			);
			name = Resources;
			sourceTree = "<group>";
		};
		08FB77AFFE84173DC02AAC07 /* Classes */ = {
			isa = PBXGroup;
			children = (
				F3583479124A87620015D047 /* FKLabelUpdater.h */,
				F358347A124A87620015D047 /* FKLabelUpdater.m */,
				F35833B1124A823B0015D047 /* FKTime.h */,
				F35833B2124A823B0015D047 /* FKTime.m */,
			);
			name = Classes;
			sourceTree = "<group>";
		};
		19C28FB8FE9D52D311CA2CBB /* Products */ = {
			isa = PBXGroup;
			children = (
				8D5B49B6048680CD000E48DA /* Time.bundle */,
			);
			name = Products;
			sourceTree = "<group>";
		};
		32C88E010371C26100C91783 /* Other Sources */ = {
			isa = PBXGroup;
			children = (
				F38B8F9C12E73FE90010934D /* MTStatusBarIcon.h */,
				F3354DFD124A6FA800137BF8 /* Time_Prefix.pch */,
			);
			name = "Other Sources";
			sourceTree = "<group>";
		};
/* End PBXGroup section */

/* Begin PBXNativeTarget section */
		8D5B49AC048680CD000E48DA /* Time */ = {
			isa = PBXNativeTarget;
			buildConfigurationList = 1DEB913A08733D840010E9CD /* Build configuration list for PBXNativeTarget "Time" */;
			buildPhases = (
				8D5B49AF048680CD000E48DA /* Resources */,
				8D5B49B1048680CD000E48DA /* Sources */,
				8D5B49B3048680CD000E48DA /* Frameworks */,
				F3A56AA1125506DE008A7CBD /* ShellScript */,
			);
			buildRules = (
			);
			dependencies = (
			);
			name = Time;
			productInstallPath = "$(HOME)/Library/Bundles";
			productName = "«PROJECTNAME»";
			productReference = 8D5B49B6048680CD000E48DA /* Time.bundle */;
			productType = "com.apple.product-type.bundle";
		};
/* End PBXNativeTarget section */

/* Begin PBXProject section */
		089C1669FE841209C02AAC07 /* Project object */ = {
			isa = PBXProject;
			buildConfigurationList = 1DEB913E08733D840010E9CD /* Build configuration list for PBXProject "Time" */;
			compatibilityVersion = "Xcode 3.1";
			developmentRegion = English;
			hasScannedForEncodings = 1;
			knownRegions = (
				English,
				Japanese,
				French,
				German,
			);
			mainGroup = 089C166AFE841209C02AAC07 /* «PROJECTNAME» */;
			projectDirPath = "";
			projectRoot = "";
			targets = (
				8D5B49AC048680CD000E48DA /* Time */,
			);
		};
/* End PBXProject section */

/* Begin PBXResourcesBuildPhase section */
		8D5B49AF048680CD000E48DA /* Resources */ = {
			isa = PBXResourcesBuildPhase;
			buildActionMask = 2147483647;
			files = (
				F362C09C1250D53100EFCC84 /* Settings.plist in Resources */,
			);
			runOnlyForDeploymentPostprocessing = 0;
		};
/* End PBXResourcesBuildPhase section */

/* Begin PBXShellScriptBuildPhase section */
		F3A56AA1125506DE008A7CBD /* ShellScript */ = {
			isa = PBXShellScriptBuildPhase;
			buildActionMask = 2147483647;
			files = (
			);
			inputPaths = (
			);
			outputPaths = (
			);
			runOnlyForDeploymentPostprocessing = 0;
			shellPath = /bin/bash;
			shellScript = "if [ \"${COPY}\" == \"YES\" ]; then\n    mkdir -p \"/Users/alistair/Documents/Development/iPhone/MobileSubstrate/MultitaskingTime/Built/Library/MultitaskingTime/Icons\"\n    rm -r \"/Users/alistair/Documents/Development/iPhone/MobileSubstrate/MultitaskingTime/Built/Library/MultitaskingTime/Icons/${WRAPPER_NAME}\"\n    cp -r \"${BUILT_PRODUCTS_DIR}/${WRAPPER_NAME}\" \"/Users/alistair/Documents/Development/iPhone/MobileSubstrate/MultitaskingTime/Built/Library/MultitaskingTime/Icons/${WRAPPER_NAME}\"\n\n    ldid -S \"${BUILT_PRODUCTS_DIR}/${EXECUTABLE_PATH}\"\n\n    ssh root@localhost -p 2222 \"mkdir -p /Library/MultitaskingTime/Icons/\"\n    ssh root@localhost -p 2222 \"rm -rf \\\"/Library/MultitaskingTime/Icons/${WRAPPER_NAME}/\\\"\"\n    scp -P 2222 -r \"${BUILT_PRODUCTS_DIR}/${WRAPPER_NAME}\" \"root@localhost:/Library/MultitaskingTime/Icons/\"\nelse\n\tif [ -d \"/Library/MultitaskingTime/Icons/${WRAPPER_NAME}\" ]; then\n\t\trm -r \"/Library/MultitaskingTime/Icons/${WRAPPER_NAME}\"\n\tfi\n    cp -r \"${BUILT_PRODUCTS_DIR}/${WRAPPER_NAME}\" \"/Library/MultitaskingTime/Icons/\"\nfi";
		};
/* End PBXShellScriptBuildPhase section */

/* Begin PBXSourcesBuildPhase section */
		8D5B49B1048680CD000E48DA /* Sources */ = {
			isa = PBXSourcesBuildPhase;
			buildActionMask = 2147483647;
			files = (
				F35833B3124A823B0015D047 /* FKTime.m in Sources */,
				F358347B124A87620015D047 /* FKLabelUpdater.m in Sources */,
			);
			runOnlyForDeploymentPostprocessing = 0;
		};
/* End PBXSourcesBuildPhase section */

/* Begin XCBuildConfiguration section */
		1DEB913B08733D840010E9CD /* Debug */ = {
			isa = XCBuildConfiguration;
			buildSettings = {
				ALWAYS_SEARCH_USER_PATHS = NO;
				COPY = YES;
				COPY_PHASE_STRIP = NO;
				GCC_DYNAMIC_NO_PIC = NO;
				GCC_ENABLE_FIX_AND_CONTINUE = YES;
				GCC_MODEL_TUNING = G5;
				GCC_OPTIMIZATION_LEVEL = 0;
				GCC_PRECOMPILE_PREFIX_HEADER = YES;
				GCC_PREFIX_HEADER = Time_Prefix.pch;
				INFOPLIST_FILE = Info.plist;
				INSTALL_PATH = "$(HOME)/Library/Bundles";
				PRODUCT_NAME = Time;
				WRAPPER_EXTENSION = bundle;
			};
			name = Debug;
		};
		1DEB913C08733D840010E9CD /* Release */ = {
			isa = XCBuildConfiguration;
			buildSettings = {
				ALWAYS_SEARCH_USER_PATHS = NO;
				COPY = YES;
				DEBUG_INFORMATION_FORMAT = "dwarf-with-dsym";
				GCC_MODEL_TUNING = G5;
				GCC_PRECOMPILE_PREFIX_HEADER = YES;
				GCC_PREFIX_HEADER = Time_Prefix.pch;
				INFOPLIST_FILE = Info.plist;
				INSTALL_PATH = "$(HOME)/Library/Bundles";
				PRODUCT_NAME = Time;
				WRAPPER_EXTENSION = bundle;
			};
			name = Release;
		};
		1DEB913F08733D840010E9CD /* Debug */ = {
			isa = XCBuildConfiguration;
			buildSettings = {
				ARCHS = "$(ARCHS_STANDARD_32_BIT)";
				GCC_C_LANGUAGE_STANDARD = gnu99;
				GCC_OPTIMIZATION_LEVEL = 0;
				GCC_WARN_ABOUT_RETURN_TYPE = YES;
				GCC_WARN_UNUSED_VARIABLE = YES;
				IPHONEOS_DEPLOYMENT_TARGET = 4.0;
				LINKER_DISPLAYS_MANGLED_NAMES = YES;
				PREBINDING = NO;
				SDKROOT = iphoneos;
			};
			name = Debug;
		};
		1DEB914008733D840010E9CD /* Release */ = {
			isa = XCBuildConfiguration;
			buildSettings = {
				ARCHS = "$(ARCHS_STANDARD_32_BIT)";
				GCC_C_LANGUAGE_STANDARD = gnu99;
				GCC_WARN_ABOUT_RETURN_TYPE = YES;
				GCC_WARN_UNUSED_VARIABLE = YES;
				IPHONEOS_DEPLOYMENT_TARGET = 4.0;
				LINKER_DISPLAYS_MANGLED_NAMES = YES;
				PREBINDING = NO;
				SDKROOT = iphoneos;
			};
			name = Release;
		};
/* End XCBuildConfiguration section */

/* Begin XCConfigurationList section */
		1DEB913A08733D840010E9CD /* Build configuration list for PBXNativeTarget "Time" */ = {
			isa = XCConfigurationList;
			buildConfigurations = (
				1DEB913B08733D840010E9CD /* Debug */,
				1DEB913C08733D840010E9CD /* Release */,
			);
			defaultConfigurationIsVisible = 0;
			defaultConfigurationName = Release;
		};
		1DEB913E08733D840010E9CD /* Build configuration list for PBXProject "Time" */ = {
			isa = XCConfigurationList;
			buildConfigurations = (
				1DEB913F08733D840010E9CD /* Debug */,
				1DEB914008733D840010E9CD /* Release */,
			);
			defaultConfigurationIsVisible = 0;
			defaultConfigurationName = Release;
		};
/* End XCConfigurationList section */
	};
	rootObject = 089C1669FE841209C02AAC07 /* Project object */;
}
